
Microsoft Visual Studio Solution File, Format Version 12.00
# Visual Studio Version 17
VisualStudioVersion = 17.12.35527.113
MinimumVisualStudioVersion = 10.0.40219.1
Project("{FAE04EC0-301F-11D3-BF4B-00C04F79EFBC}") = "AzubiApp", "AzubiApp\AzubiApp.csproj", "{49189EA2-1188-4FBA-9655-59A049D30697}"
EndProject
Project("{FAE04EC0-301F-11D3-BF4B-00C04F79EFBC}") = "AzubiApp.Tests", "AzubiApp.Tests\AzubiApp.Tests.csproj", "{9FF096D9-93FB-4146-808F-E4A6F0360214}"
EndProject
Global
	GlobalSection(SolutionConfigurationPlatforms) = preSolution
		Debug|Any CPU = Debug|Any CPU
		Release|Any CPU = Release|Any CPU
	EndGlobalSection
	GlobalSection(ProjectConfigurationPlatforms) = postSolution
		{49189EA2-1188-4FBA-9655-59A049D30697}.Debug|Any CPU.ActiveCfg = Debug|Any CPU
		{49189EA2-1188-4FBA-9655-59A049D30697}.Debug|Any CPU.Build.0 = Debug|Any CPU
		{49189EA2-1188-4FBA-9655-59A049D30697}.Debug|Any CPU.Deploy.0 = Debug|Any CPU
		{49189EA2-1188-4FBA-9655-59A049D30697}.Release|Any CPU.ActiveCfg = Release|Any CPU
		{49189EA2-1188-4FBA-9655-59A049D30697}.Release|Any CPU.Build.0 = Release|Any CPU
		{9FF096D9-93FB-4146-808F-E4A6F0360214}.Debug|Any CPU.ActiveCfg = Debug|Any CPU
		{9FF096D9-93FB-4146-808F-E4A6F0360214}.Debug|Any CPU.Build.0 = Debug|Any CPU
		{9FF096D9-93FB-4146-808F-E4A6F0360214}.Release|Any CPU.ActiveCfg = Release|Any CPU
		{9FF096D9-93FB-4146-808F-E4A6F0360214}.Release|Any CPU.Build.0 = Release|Any CPU
	EndGlobalSection
	GlobalSection(SolutionProperties) = preSolution
		HideSolutionNode = FALSE
	EndGlobalSection
	GlobalSection(ExtensibilityGlobals) = postSolution
		SolutionGuid = {083E2C9E-9C62-4807-A493-8105B82F890F}
	EndGlobalSection
EndGlobal
